
Microsoft Visual Studio Solution File, Format Version 12.00
# Visual Studio 2012
Project("{FAE04EC0-301F-11D3-BF4B-00C04F79EFBC}") = "Yolk", "Yolk.ExampleGame\Yolk.csproj", "{6DB508E4-3E80-4AF4-BB03-674F0590ED2D}"
EndProject
Project("{FAE04EC0-301F-11D3-BF4B-00C04F79EFBC}") = "Yolk.Logic", "Yolk.Logic\Yolk.Logic.csproj", "{E2D1D7A5-5195-4A17-889A-1B2385E0CB69}"
EndProject
Project("{FAE04EC0-301F-11D3-BF4B-00C04F79EFBC}") = "Yolk.Data", "Yolk.Data\Yolk.Data.csproj", "{180E9AF3-3396-4F54-A4AE-CE7548B2A3DB}"
EndProject
Project("{FAE04EC0-301F-11D3-BF4B-00C04F79EFBC}") = "Yolk.Generator", "Yolk.Generator\Yolk.Generator.csproj", "{4196A1F3-5EC1-4D90-820D-938CB34FD690}"
EndProject
Project("{FAE04EC0-301F-11D3-BF4B-00C04F79EFBC}") = "Yolk.FS", "Yolk.FS\Yolk.FS.csproj", "{78180C07-518B-4D78-8D88-598EDCB1B703}"
EndProject
Global
	GlobalSection(SolutionConfigurationPlatforms) = preSolution
		Debug|Any CPU = Debug|Any CPU
		Debug|x64 = Debug|x64
		Debug|x86 = Debug|x86
		ExportDebug|Any CPU = ExportDebug|Any CPU
		ExportDebug|x64 = ExportDebug|x64
		ExportDebug|x86 = ExportDebug|x86
		ExportRelease|Any CPU = ExportRelease|Any CPU
		ExportRelease|x64 = ExportRelease|x64
		ExportRelease|x86 = ExportRelease|x86
		Release|Any CPU = Release|Any CPU
		Release|x64 = Release|x64
		Release|x86 = Release|x86
	EndGlobalSection
	GlobalSection(ProjectConfigurationPlatforms) = postSolution
		{6DB508E4-3E80-4AF4-BB03-674F0590ED2D}.Debug|Any CPU.ActiveCfg = Debug|Any CPU
		{6DB508E4-3E80-4AF4-BB03-674F0590ED2D}.Debug|Any CPU.Build.0 = Debug|Any CPU
		{6DB508E4-3E80-4AF4-BB03-674F0590ED2D}.Debug|x64.ActiveCfg = Debug|Any CPU
		{6DB508E4-3E80-4AF4-BB03-674F0590ED2D}.Debug|x64.Build.0 = Debug|Any CPU
		{6DB508E4-3E80-4AF4-BB03-674F0590ED2D}.Debug|x86.ActiveCfg = Debug|Any CPU
		{6DB508E4-3E80-4AF4-BB03-674F0590ED2D}.Debug|x86.Build.0 = Debug|Any CPU
		{6DB508E4-3E80-4AF4-BB03-674F0590ED2D}.ExportDebug|Any CPU.ActiveCfg = ExportDebug|Any CPU
		{6DB508E4-3E80-4AF4-BB03-674F0590ED2D}.ExportDebug|Any CPU.Build.0 = ExportDebug|Any CPU
		{6DB508E4-3E80-4AF4-BB03-674F0590ED2D}.ExportDebug|x64.ActiveCfg = ExportDebug|Any CPU
		{6DB508E4-3E80-4AF4-BB03-674F0590ED2D}.ExportDebug|x64.Build.0 = ExportDebug|Any CPU
		{6DB508E4-3E80-4AF4-BB03-674F0590ED2D}.ExportDebug|x86.ActiveCfg = ExportDebug|Any CPU
		{6DB508E4-3E80-4AF4-BB03-674F0590ED2D}.ExportDebug|x86.Build.0 = ExportDebug|Any CPU
		{6DB508E4-3E80-4AF4-BB03-674F0590ED2D}.ExportRelease|Any CPU.ActiveCfg = ExportRelease|Any CPU
		{6DB508E4-3E80-4AF4-BB03-674F0590ED2D}.ExportRelease|Any CPU.Build.0 = ExportRelease|Any CPU
		{6DB508E4-3E80-4AF4-BB03-674F0590ED2D}.ExportRelease|x64.ActiveCfg = ExportRelease|Any CPU
		{6DB508E4-3E80-4AF4-BB03-674F0590ED2D}.ExportRelease|x64.Build.0 = ExportRelease|Any CPU
		{6DB508E4-3E80-4AF4-BB03-674F0590ED2D}.ExportRelease|x86.ActiveCfg = ExportRelease|Any CPU
		{6DB508E4-3E80-4AF4-BB03-674F0590ED2D}.ExportRelease|x86.Build.0 = ExportRelease|Any CPU
		{6DB508E4-3E80-4AF4-BB03-674F0590ED2D}.Release|Any CPU.ActiveCfg = Release|Any CPU
		{6DB508E4-3E80-4AF4-BB03-674F0590ED2D}.Release|Any CPU.Build.0 = Release|Any CPU
		{6DB508E4-3E80-4AF4-BB03-674F0590ED2D}.Release|x64.ActiveCfg = Release|Any CPU
		{6DB508E4-3E80-4AF4-BB03-674F0590ED2D}.Release|x64.Build.0 = Release|Any CPU
		{6DB508E4-3E80-4AF4-BB03-674F0590ED2D}.Release|x86.ActiveCfg = Release|Any CPU
		{6DB508E4-3E80-4AF4-BB03-674F0590ED2D}.Release|x86.Build.0 = Release|Any CPU
		{E2D1D7A5-5195-4A17-889A-1B2385E0CB69}.Debug|Any CPU.ActiveCfg = Debug|Any CPU
		{E2D1D7A5-5195-4A17-889A-1B2385E0CB69}.Debug|Any CPU.Build.0 = Debug|Any CPU
		{E2D1D7A5-5195-4A17-889A-1B2385E0CB69}.Debug|x64.ActiveCfg = Debug|Any CPU
		{E2D1D7A5-5195-4A17-889A-1B2385E0CB69}.Debug|x64.Build.0 = Debug|Any CPU
		{E2D1D7A5-5195-4A17-889A-1B2385E0CB69}.Debug|x86.ActiveCfg = Debug|Any CPU
		{E2D1D7A5-5195-4A17-889A-1B2385E0CB69}.Debug|x86.Build.0 = Debug|Any CPU
		{E2D1D7A5-5195-4A17-889A-1B2385E0CB69}.ExportDebug|Any CPU.ActiveCfg = Debug|Any CPU
		{E2D1D7A5-5195-4A17-889A-1B2385E0CB69}.ExportDebug|Any CPU.Build.0 = Debug|Any CPU
		{E2D1D7A5-5195-4A17-889A-1B2385E0CB69}.ExportDebug|x64.ActiveCfg = ExportDebug|Any CPU
		{E2D1D7A5-5195-4A17-889A-1B2385E0CB69}.ExportDebug|x64.Build.0 = ExportDebug|Any CPU
		{E2D1D7A5-5195-4A17-889A-1B2385E0CB69}.ExportDebug|x86.ActiveCfg = ExportDebug|Any CPU
		{E2D1D7A5-5195-4A17-889A-1B2385E0CB69}.ExportDebug|x86.Build.0 = ExportDebug|Any CPU
		{E2D1D7A5-5195-4A17-889A-1B2385E0CB69}.ExportRelease|Any CPU.ActiveCfg = Debug|Any CPU
		{E2D1D7A5-5195-4A17-889A-1B2385E0CB69}.ExportRelease|Any CPU.Build.0 = Debug|Any CPU
		{E2D1D7A5-5195-4A17-889A-1B2385E0CB69}.ExportRelease|x64.ActiveCfg = ExportRelease|Any CPU
		{E2D1D7A5-5195-4A17-889A-1B2385E0CB69}.ExportRelease|x64.Build.0 = ExportRelease|Any CPU
		{E2D1D7A5-5195-4A17-889A-1B2385E0CB69}.ExportRelease|x86.ActiveCfg = ExportRelease|Any CPU
		{E2D1D7A5-5195-4A17-889A-1B2385E0CB69}.ExportRelease|x86.Build.0 = ExportRelease|Any CPU
		{E2D1D7A5-5195-4A17-889A-1B2385E0CB69}.Release|Any CPU.ActiveCfg = Release|Any CPU
		{E2D1D7A5-5195-4A17-889A-1B2385E0CB69}.Release|Any CPU.Build.0 = Release|Any CPU
		{E2D1D7A5-5195-4A17-889A-1B2385E0CB69}.Release|x64.ActiveCfg = Release|Any CPU
		{E2D1D7A5-5195-4A17-889A-1B2385E0CB69}.Release|x64.Build.0 = Release|Any CPU
		{E2D1D7A5-5195-4A17-889A-1B2385E0CB69}.Release|x86.ActiveCfg = Release|Any CPU
		{E2D1D7A5-5195-4A17-889A-1B2385E0CB69}.Release|x86.Build.0 = Release|Any CPU
		{180E9AF3-3396-4F54-A4AE-CE7548B2A3DB}.Debug|Any CPU.ActiveCfg = Debug|Any CPU
		{180E9AF3-3396-4F54-A4AE-CE7548B2A3DB}.Debug|Any CPU.Build.0 = Debug|Any CPU
		{180E9AF3-3396-4F54-A4AE-CE7548B2A3DB}.Debug|x64.ActiveCfg = Debug|Any CPU
		{180E9AF3-3396-4F54-A4AE-CE7548B2A3DB}.Debug|x64.Build.0 = Debug|Any CPU
		{180E9AF3-3396-4F54-A4AE-CE7548B2A3DB}.Debug|x86.ActiveCfg = Debug|Any CPU
		{180E9AF3-3396-4F54-A4AE-CE7548B2A3DB}.Debug|x86.Build.0 = Debug|Any CPU
		{180E9AF3-3396-4F54-A4AE-CE7548B2A3DB}.ExportDebug|Any CPU.ActiveCfg = Debug|Any CPU
		{180E9AF3-3396-4F54-A4AE-CE7548B2A3DB}.ExportDebug|Any CPU.Build.0 = Debug|Any CPU
		{180E9AF3-3396-4F54-A4AE-CE7548B2A3DB}.ExportDebug|x64.ActiveCfg = ExportDebug|Any CPU
		{180E9AF3-3396-4F54-A4AE-CE7548B2A3DB}.ExportDebug|x64.Build.0 = ExportDebug|Any CPU
		{180E9AF3-3396-4F54-A4AE-CE7548B2A3DB}.ExportDebug|x86.ActiveCfg = ExportDebug|Any CPU
		{180E9AF3-3396-4F54-A4AE-CE7548B2A3DB}.ExportDebug|x86.Build.0 = ExportDebug|Any CPU
		{180E9AF3-3396-4F54-A4AE-CE7548B2A3DB}.ExportRelease|Any CPU.ActiveCfg = Debug|Any CPU
		{180E9AF3-3396-4F54-A4AE-CE7548B2A3DB}.ExportRelease|Any CPU.Build.0 = Debug|Any CPU
		{180E9AF3-3396-4F54-A4AE-CE7548B2A3DB}.ExportRelease|x64.ActiveCfg = ExportRelease|Any CPU
		{180E9AF3-3396-4F54-A4AE-CE7548B2A3DB}.ExportRelease|x64.Build.0 = ExportRelease|Any CPU
		{180E9AF3-3396-4F54-A4AE-CE7548B2A3DB}.ExportRelease|x86.ActiveCfg = ExportRelease|Any CPU
		{180E9AF3-3396-4F54-A4AE-CE7548B2A3DB}.ExportRelease|x86.Build.0 = ExportRelease|Any CPU
		{180E9AF3-3396-4F54-A4AE-CE7548B2A3DB}.Release|Any CPU.ActiveCfg = Release|Any CPU
		{180E9AF3-3396-4F54-A4AE-CE7548B2A3DB}.Release|Any CPU.Build.0 = Release|Any CPU
		{180E9AF3-3396-4F54-A4AE-CE7548B2A3DB}.Release|x64.ActiveCfg = Release|Any CPU
		{180E9AF3-3396-4F54-A4AE-CE7548B2A3DB}.Release|x64.Build.0 = Release|Any CPU
		{180E9AF3-3396-4F54-A4AE-CE7548B2A3DB}.Release|x86.ActiveCfg = Release|Any CPU
		{180E9AF3-3396-4F54-A4AE-CE7548B2A3DB}.Release|x86.Build.0 = Release|Any CPU
		{4196A1F3-5EC1-4D90-820D-938CB34FD690}.Debug|Any CPU.ActiveCfg = Debug|Any CPU
		{4196A1F3-5EC1-4D90-820D-938CB34FD690}.Debug|Any CPU.Build.0 = Debug|Any CPU
		{4196A1F3-5EC1-4D90-820D-938CB34FD690}.Debug|x64.ActiveCfg = Debug|Any CPU
		{4196A1F3-5EC1-4D90-820D-938CB34FD690}.Debug|x64.Build.0 = Debug|Any CPU
		{4196A1F3-5EC1-4D90-820D-938CB34FD690}.Debug|x86.ActiveCfg = Debug|Any CPU
		{4196A1F3-5EC1-4D90-820D-938CB34FD690}.Debug|x86.Build.0 = Debug|Any CPU
		{4196A1F3-5EC1-4D90-820D-938CB34FD690}.ExportDebug|Any CPU.ActiveCfg = Debug|Any CPU
		{4196A1F3-5EC1-4D90-820D-938CB34FD690}.ExportDebug|Any CPU.Build.0 = Debug|Any CPU
		{4196A1F3-5EC1-4D90-820D-938CB34FD690}.ExportDebug|x64.ActiveCfg = ExportDebug|Any CPU
		{4196A1F3-5EC1-4D90-820D-938CB34FD690}.ExportDebug|x64.Build.0 = ExportDebug|Any CPU
		{4196A1F3-5EC1-4D90-820D-938CB34FD690}.ExportDebug|x86.ActiveCfg = ExportDebug|Any CPU
		{4196A1F3-5EC1-4D90-820D-938CB34FD690}.ExportDebug|x86.Build.0 = ExportDebug|Any CPU
		{4196A1F3-5EC1-4D90-820D-938CB34FD690}.ExportRelease|Any CPU.ActiveCfg = Debug|Any CPU
		{4196A1F3-5EC1-4D90-820D-938CB34FD690}.ExportRelease|Any CPU.Build.0 = Debug|Any CPU
		{4196A1F3-5EC1-4D90-820D-938CB34FD690}.ExportRelease|x64.ActiveCfg = ExportRelease|Any CPU
		{4196A1F3-5EC1-4D90-820D-938CB34FD690}.ExportRelease|x64.Build.0 = ExportRelease|Any CPU
		{4196A1F3-5EC1-4D90-820D-938CB34FD690}.ExportRelease|x86.ActiveCfg = ExportRelease|Any CPU
		{4196A1F3-5EC1-4D90-820D-938CB34FD690}.ExportRelease|x86.Build.0 = ExportRelease|Any CPU
		{4196A1F3-5EC1-4D90-820D-938CB34FD690}.Release|Any CPU.ActiveCfg = Release|Any CPU
		{4196A1F3-5EC1-4D90-820D-938CB34FD690}.Release|Any CPU.Build.0 = Release|Any CPU
		{4196A1F3-5EC1-4D90-820D-938CB34FD690}.Release|x64.ActiveCfg = Release|Any CPU
		{4196A1F3-5EC1-4D90-820D-938CB34FD690}.Release|x64.Build.0 = Release|Any CPU
		{4196A1F3-5EC1-4D90-820D-938CB34FD690}.Release|x86.ActiveCfg = Release|Any CPU
		{4196A1F3-5EC1-4D90-820D-938CB34FD690}.Release|x86.Build.0 = Release|Any CPU
		{78180C07-518B-4D78-8D88-598EDCB1B703}.Debug|Any CPU.ActiveCfg = Debug|Any CPU
		{78180C07-518B-4D78-8D88-598EDCB1B703}.Debug|Any CPU.Build.0 = Debug|Any CPU
		{78180C07-518B-4D78-8D88-598EDCB1B703}.Debug|x64.ActiveCfg = Debug|Any CPU
		{78180C07-518B-4D78-8D88-598EDCB1B703}.Debug|x64.Build.0 = Debug|Any CPU
		{78180C07-518B-4D78-8D88-598EDCB1B703}.Debug|x86.ActiveCfg = Debug|Any CPU
		{78180C07-518B-4D78-8D88-598EDCB1B703}.Debug|x86.Build.0 = Debug|Any CPU
		{78180C07-518B-4D78-8D88-598EDCB1B703}.ExportDebug|Any CPU.ActiveCfg = Debug|Any CPU
		{78180C07-518B-4D78-8D88-598EDCB1B703}.ExportDebug|Any CPU.Build.0 = Debug|Any CPU
		{78180C07-518B-4D78-8D88-598EDCB1B703}.ExportDebug|x64.ActiveCfg = Debug|Any CPU
		{78180C07-518B-4D78-8D88-598EDCB1B703}.ExportDebug|x64.Build.0 = Debug|Any CPU
		{78180C07-518B-4D78-8D88-598EDCB1B703}.ExportDebug|x86.ActiveCfg = Debug|Any CPU
		{78180C07-518B-4D78-8D88-598EDCB1B703}.ExportDebug|x86.Build.0 = Debug|Any CPU
		{78180C07-518B-4D78-8D88-598EDCB1B703}.ExportRelease|Any CPU.ActiveCfg = Debug|Any CPU
		{78180C07-518B-4D78-8D88-598EDCB1B703}.ExportRelease|Any CPU.Build.0 = Debug|Any CPU
		{78180C07-518B-4D78-8D88-598EDCB1B703}.ExportRelease|x64.ActiveCfg = Debug|Any CPU
		{78180C07-518B-4D78-8D88-598EDCB1B703}.ExportRelease|x64.Build.0 = Debug|Any CPU
		{78180C07-518B-4D78-8D88-598EDCB1B703}.ExportRelease|x86.ActiveCfg = Debug|Any CPU
		{78180C07-518B-4D78-8D88-598EDCB1B703}.ExportRelease|x86.Build.0 = Debug|Any CPU
		{78180C07-518B-4D78-8D88-598EDCB1B703}.Release|Any CPU.ActiveCfg = Release|Any CPU
		{78180C07-518B-4D78-8D88-598EDCB1B703}.Release|Any CPU.Build.0 = Release|Any CPU
		{78180C07-518B-4D78-8D88-598EDCB1B703}.Release|x64.ActiveCfg = Release|Any CPU
		{78180C07-518B-4D78-8D88-598EDCB1B703}.Release|x64.Build.0 = Release|Any CPU
		{78180C07-518B-4D78-8D88-598EDCB1B703}.Release|x86.ActiveCfg = Release|Any CPU
		{78180C07-518B-4D78-8D88-598EDCB1B703}.Release|x86.Build.0 = Release|Any CPU
	EndGlobalSection
	GlobalSection(SolutionProperties) = preSolution
		HideSolutionNode = FALSE
	EndGlobalSection
EndGlobal
